# @generated by Move, please check-in and do not edit manually.

[move]
version = 3
manifest_digest = "53606EF714E9B5A728BC7164B05D6646894E6B01E0677C4EE43E05C52593F996"
deps_digest = "F8BBB0CCB2491CA29A3DF03D6F92277A4F3574266507ACD77214D37ECA3F3082"
dependencies = [
  { id = "Sui", name = "Sui" },
]

[[move.package]]
id = "MoveStdlib"
source = { git = "https://github.com/MystenLabs/sui.git", rev = "framework/testnet", subdir = "crates/sui-framework/packages/move-stdlib" }

[[move.package]]
id = "Sui"
source = { git = "https://github.com/MystenLabs/sui.git", rev = "framework/testnet", subdir = "crates/sui-framework/packages/sui-framework" }

dependencies = [
  { id = "MoveStdlib", name = "MoveStdlib" },
]

[move.toolchain-version]
compiler-version = "1.37.1"
edition = "2024.beta"
flavor = "sui"

[env]

[env.testnet]
chain-id = "4c78adac"
original-published-id = "0x71d334530024a07e7d7f303df78265c10ab7496e545022eada05accf37869e42"
latest-published-id = "0x71d334530024a07e7d7f303df78265c10ab7496e545022eada05accf37869e42"
published-version = "1"
